// !$*UTF8*$!
{
	archiveVersion = 1;
	classes = {
	};
	objectVersion = 46;
	objects = {

/* Begin PBXBuildFile section */
		7DE01AE61C888D2C00D7C654 /* AppDelegate.swift in Sources */ = {isa = PBXBuildFile; fileRef = 7DE01AE51C888D2C00D7C654 /* AppDelegate.swift */; };
		7DE01AE81C888D2C00D7C654 /* ViewController.swift in Sources */ = {isa = PBXBuildFile; fileRef = 7DE01AE71C888D2C00D7C654 /* ViewController.swift */; };
		7DE01AED1C888D2C00D7C654 /* Assets.xcassets in Resources */ = {isa = PBXBuildFile; fileRef = 7DE01AEC1C888D2C00D7C654 /* Assets.xcassets */; };
		7DE01AF01C888D2C00D7C654 /* LaunchScreen.storyboard in Resources */ = {isa = PBXBuildFile; fileRef = 7DE01AEE1C888D2C00D7C654 /* LaunchScreen.storyboard */; };
		7DE01B121C88927100D7C654 /* DownloadCell.swift in Sources */ = {isa = PBXBuildFile; fileRef = 7DE01B0F1C88927100D7C654 /* DownloadCell.swift */; };
		7DE01B131C88927100D7C654 /* DownloadCell.xib in Resources */ = {isa = PBXBuildFile; fileRef = 7DE01B101C88927100D7C654 /* DownloadCell.xib */; };
		7DE01B141C88927100D7C654 /* DownloadsController.swift in Sources */ = {isa = PBXBuildFile; fileRef = 7DE01B111C88927100D7C654 /* DownloadsController.swift */; };
		7DE01B161C88928200D7C654 /* SlackOperation.swift in Sources */ = {isa = PBXBuildFile; fileRef = 7DE01B151C88928200D7C654 /* SlackOperation.swift */; };
		7DE01B181C88929400D7C654 /* Settings.swift in Sources */ = {isa = PBXBuildFile; fileRef = 7DE01B171C88929400D7C654 /* Settings.swift */; };
		7DE01B1C1C8892C900D7C654 /* CellSwitch.swift in Sources */ = {isa = PBXBuildFile; fileRef = 7DE01B191C8892C900D7C654 /* CellSwitch.swift */; };
		7DE01B1D1C8892C900D7C654 /* CellSwitch.xib in Resources */ = {isa = PBXBuildFile; fileRef = 7DE01B1A1C8892C900D7C654 /* CellSwitch.xib */; };
		7DE01B1E1C8892C900D7C654 /* MoreController.swift in Sources */ = {isa = PBXBuildFile; fileRef = 7DE01B1B1C8892C900D7C654 /* MoreController.swift */; };
		7DE01B201C88937B00D7C654 /* GeofenceAnnotation.swift in Sources */ = {isa = PBXBuildFile; fileRef = 7DE01B1F1C88937B00D7C654 /* GeofenceAnnotation.swift */; };
		7DE01B221C88938800D7C654 /* MapController.swift in Sources */ = {isa = PBXBuildFile; fileRef = 7DE01B211C88938800D7C654 /* MapController.swift */; };
		7DE01B241C88943000D7C654 /* NewFence.storyboard in Resources */ = {isa = PBXBuildFile; fileRef = 7DE01B231C88943000D7C654 /* NewFence.storyboard */; };
		7DE01B261C88944300D7C654 /* Main.storyboard in Resources */ = {isa = PBXBuildFile; fileRef = 7DE01B251C88944300D7C654 /* Main.storyboard */; };
		7DE01B281C88945300D7C654 /* Downloads.storyboard in Resources */ = {isa = PBXBuildFile; fileRef = 7DE01B271C88945300D7C654 /* Downloads.storyboard */; };
		7DE01B2A1C88948700D7C654 /* Fences.storyboard in Resources */ = {isa = PBXBuildFile; fileRef = 7DE01B291C88948700D7C654 /* Fences.storyboard */; };
		7DE01B2C1C8894D800D7C654 /* More.storyboard in Resources */ = {isa = PBXBuildFile; fileRef = 7DE01B2B1C8894D800D7C654 /* More.storyboard */; };
		7DE01B2F1C88954300D7C654 /* MapCell.swift in Sources */ = {isa = PBXBuildFile; fileRef = 7DE01B2D1C88954300D7C654 /* MapCell.swift */; };
		7DE01B301C88954300D7C654 /* MapCell.xib in Resources */ = {isa = PBXBuildFile; fileRef = 7DE01B2E1C88954300D7C654 /* MapCell.xib */; };
		7DE01B321C88955200D7C654 /* NewGeofenceController.swift in Sources */ = {isa = PBXBuildFile; fileRef = 7DE01B311C88955200D7C654 /* NewGeofenceController.swift */; };
		7DE01B391C88957E00D7C654 /* GeofenceNameCell.swift in Sources */ = {isa = PBXBuildFile; fileRef = 7DE01B331C88957E00D7C654 /* GeofenceNameCell.swift */; };
		7DE01B3A1C88957E00D7C654 /* GeofenceNameCell.xib in Resources */ = {isa = PBXBuildFile; fileRef = 7DE01B341C88957E00D7C654 /* GeofenceNameCell.xib */; };
		7DE01B3B1C88957E00D7C654 /* GeofenceRadiusCell.swift in Sources */ = {isa = PBXBuildFile; fileRef = 7DE01B351C88957E00D7C654 /* GeofenceRadiusCell.swift */; };
		7DE01B3C1C88957E00D7C654 /* GeofenceRadiusCell.xib in Resources */ = {isa = PBXBuildFile; fileRef = 7DE01B361C88957E00D7C654 /* GeofenceRadiusCell.xib */; };
		7DE01B3D1C88957E00D7C654 /* GeofenceRadiusPickerCell.swift in Sources */ = {isa = PBXBuildFile; fileRef = 7DE01B371C88957E00D7C654 /* GeofenceRadiusPickerCell.swift */; };
		7DE01B3E1C88957E00D7C654 /* GeofenceRadiusPickerCell.xib in Resources */ = {isa = PBXBuildFile; fileRef = 7DE01B381C88957E00D7C654 /* GeofenceRadiusPickerCell.xib */; };
		7DE01B401C88958E00D7C654 /* SegHandlerType.swift in Sources */ = {isa = PBXBuildFile; fileRef = 7DE01B3F1C88958E00D7C654 /* SegHandlerType.swift */; };
		7DE01B421C8895A300D7C654 /* Localizable.strings in Resources */ = {isa = PBXBuildFile; fileRef = 7DE01B411C8895A300D7C654 /* Localizable.strings */; };
		7DE01B481C8895E500D7C654 /* referentiel-gares-voyageurs.geojson.zip in Resources */ = {isa = PBXBuildFile; fileRef = 7DE01B431C8895E500D7C654 /* referentiel-gares-voyageurs.geojson.zip */; };
		7DE01B491C8895E500D7C654 /* Settings.bundle in Resources */ = {isa = PBXBuildFile; fileRef = 7DE01B441C8895E500D7C654 /* Settings.bundle */; };
		7DE01B4A1C8895E500D7C654 /* UIDevice+machineName.swift in Sources */ = {isa = PBXBuildFile; fileRef = 7DE01B451C8895E500D7C654 /* UIDevice+machineName.swift */; };
		7DE01B4B1C8895E500D7C654 /* Utils.swift in Sources */ = {isa = PBXBuildFile; fileRef = 7DE01B461C8895E500D7C654 /* Utils.swift */; };
		7DE01B4C1C8895E500D7C654 /* Utils+Org.swift in Sources */ = {isa = PBXBuildFile; fileRef = 7DE01B471C8895E500D7C654 /* Utils+Org.swift */; };
		A6786DFCB27C62804B5BB583 /* Pods_IBMPIGeofenceSample.framework in Frameworks */ = {isa = PBXBuildFile; fileRef = 9945D5EFAB8BB98B852A786F /* Pods_IBMPIGeofenceSample.framework */; };
/* End PBXBuildFile section */

/* Begin PBXContainerItemProxy section */
		7DE01B031C888EE800D7C654 /* PBXContainerItemProxy */ = {
			isa = PBXContainerItemProxy;
			containerPortal = 7DE01AFF1C888EE700D7C654 /* IBMPIGeofence.xcodeproj */;
			proxyType = 2;
			remoteGlobalIDString = 7DE01ACE1C888BBB00D7C654;
			remoteInfo = IBMPIGeofence;
		};
/* End PBXContainerItemProxy section */

/* Begin PBXFileReference section */
		767D82DEF01D0E8532EB5FF3 /* Pods-IBMPIGeofenceSample.debug.xcconfig */ = {isa = PBXFileReference; includeInIndex = 1; lastKnownFileType = text.xcconfig; name = "Pods-IBMPIGeofenceSample.debug.xcconfig"; path = "../Pods/Target Support Files/Pods-IBMPIGeofenceSample/Pods-IBMPIGeofenceSample.debug.xcconfig"; sourceTree = "<group>"; };
		7DE01AE21C888D2C00D7C654 /* IBMPIGeofenceSample.app */ = {isa = PBXFileReference; explicitFileType = wrapper.application; includeInIndex = 0; path = IBMPIGeofenceSample.app; sourceTree = BUILT_PRODUCTS_DIR; };
		7DE01AE51C888D2C00D7C654 /* AppDelegate.swift */ = {isa = PBXFileReference; lastKnownFileType = sourcecode.swift; path = AppDelegate.swift; sourceTree = "<group>"; };
		7DE01AE71C888D2C00D7C654 /* ViewController.swift */ = {isa = PBXFileReference; lastKnownFileType = sourcecode.swift; path = ViewController.swift; sourceTree = "<group>"; };
		7DE01AEC1C888D2C00D7C654 /* Assets.xcassets */ = {isa = PBXFileReference; lastKnownFileType = folder.assetcatalog; path = Assets.xcassets; sourceTree = "<group>"; };
		7DE01AEF1C888D2C00D7C654 /* Base */ = {isa = PBXFileReference; lastKnownFileType = file.storyboard; name = Base; path = Base.lproj/LaunchScreen.storyboard; sourceTree = "<group>"; };
		7DE01AF11C888D2C00D7C654 /* Info.plist */ = {isa = PBXFileReference; lastKnownFileType = text.plist.xml; path = Info.plist; sourceTree = "<group>"; };
		7DE01AFF1C888EE700D7C654 /* IBMPIGeofence.xcodeproj */ = {isa = PBXFileReference; lastKnownFileType = "wrapper.pb-project"; name = IBMPIGeofence.xcodeproj; path = ../IBMPIGeofence.xcodeproj; sourceTree = "<group>"; };
		7DE01B0F1C88927100D7C654 /* DownloadCell.swift */ = {isa = PBXFileReference; fileEncoding = 4; lastKnownFileType = sourcecode.swift; path = DownloadCell.swift; sourceTree = "<group>"; };
		7DE01B101C88927100D7C654 /* DownloadCell.xib */ = {isa = PBXFileReference; fileEncoding = 4; lastKnownFileType = file.xib; path = DownloadCell.xib; sourceTree = "<group>"; };
		7DE01B111C88927100D7C654 /* DownloadsController.swift */ = {isa = PBXFileReference; fileEncoding = 4; lastKnownFileType = sourcecode.swift; path = DownloadsController.swift; sourceTree = "<group>"; };
		7DE01B151C88928200D7C654 /* SlackOperation.swift */ = {isa = PBXFileReference; fileEncoding = 4; lastKnownFileType = sourcecode.swift; path = SlackOperation.swift; sourceTree = "<group>"; };
		7DE01B171C88929400D7C654 /* Settings.swift */ = {isa = PBXFileReference; fileEncoding = 4; lastKnownFileType = sourcecode.swift; path = Settings.swift; sourceTree = "<group>"; };
		7DE01B191C8892C900D7C654 /* CellSwitch.swift */ = {isa = PBXFileReference; fileEncoding = 4; lastKnownFileType = sourcecode.swift; path = CellSwitch.swift; sourceTree = "<group>"; };
		7DE01B1A1C8892C900D7C654 /* CellSwitch.xib */ = {isa = PBXFileReference; fileEncoding = 4; lastKnownFileType = file.xib; path = CellSwitch.xib; sourceTree = "<group>"; };
		7DE01B1B1C8892C900D7C654 /* MoreController.swift */ = {isa = PBXFileReference; fileEncoding = 4; lastKnownFileType = sourcecode.swift; path = MoreController.swift; sourceTree = "<group>"; };
		7DE01B1F1C88937B00D7C654 /* GeofenceAnnotation.swift */ = {isa = PBXFileReference; fileEncoding = 4; lastKnownFileType = sourcecode.swift; path = GeofenceAnnotation.swift; sourceTree = "<group>"; };
		7DE01B211C88938800D7C654 /* MapController.swift */ = {isa = PBXFileReference; fileEncoding = 4; lastKnownFileType = sourcecode.swift; path = MapController.swift; sourceTree = "<group>"; };
		7DE01B231C88943000D7C654 /* NewFence.storyboard */ = {isa = PBXFileReference; fileEncoding = 4; lastKnownFileType = file.storyboard; path = NewFence.storyboard; sourceTree = "<group>"; };
		7DE01B251C88944300D7C654 /* Main.storyboard */ = {isa = PBXFileReference; fileEncoding = 4; lastKnownFileType = file.storyboard; path = Main.storyboard; sourceTree = "<group>"; };
		7DE01B271C88945300D7C654 /* Downloads.storyboard */ = {isa = PBXFileReference; fileEncoding = 4; lastKnownFileType = file.storyboard; path = Downloads.storyboard; sourceTree = "<group>"; };
		7DE01B291C88948700D7C654 /* Fences.storyboard */ = {isa = PBXFileReference; fileEncoding = 4; lastKnownFileType = file.storyboard; path = Fences.storyboard; sourceTree = "<group>"; };
		7DE01B2B1C8894D800D7C654 /* More.storyboard */ = {isa = PBXFileReference; fileEncoding = 4; lastKnownFileType = file.storyboard; path = More.storyboard; sourceTree = "<group>"; };
		7DE01B2D1C88954300D7C654 /* MapCell.swift */ = {isa = PBXFileReference; fileEncoding = 4; lastKnownFileType = sourcecode.swift; path = MapCell.swift; sourceTree = "<group>"; };
		7DE01B2E1C88954300D7C654 /* MapCell.xib */ = {isa = PBXFileReference; fileEncoding = 4; lastKnownFileType = file.xib; path = MapCell.xib; sourceTree = "<group>"; };
		7DE01B311C88955200D7C654 /* NewGeofenceController.swift */ = {isa = PBXFileReference; fileEncoding = 4; lastKnownFileType = sourcecode.swift; path = NewGeofenceController.swift; sourceTree = "<group>"; };
		7DE01B331C88957E00D7C654 /* GeofenceNameCell.swift */ = {isa = PBXFileReference; fileEncoding = 4; lastKnownFileType = sourcecode.swift; path = GeofenceNameCell.swift; sourceTree = "<group>"; };
		7DE01B341C88957E00D7C654 /* GeofenceNameCell.xib */ = {isa = PBXFileReference; fileEncoding = 4; lastKnownFileType = file.xib; path = GeofenceNameCell.xib; sourceTree = "<group>"; };
		7DE01B351C88957E00D7C654 /* GeofenceRadiusCell.swift */ = {isa = PBXFileReference; fileEncoding = 4; lastKnownFileType = sourcecode.swift; path = GeofenceRadiusCell.swift; sourceTree = "<group>"; };
		7DE01B361C88957E00D7C654 /* GeofenceRadiusCell.xib */ = {isa = PBXFileReference; fileEncoding = 4; lastKnownFileType = file.xib; path = GeofenceRadiusCell.xib; sourceTree = "<group>"; };
		7DE01B371C88957E00D7C654 /* GeofenceRadiusPickerCell.swift */ = {isa = PBXFileReference; fileEncoding = 4; lastKnownFileType = sourcecode.swift; path = GeofenceRadiusPickerCell.swift; sourceTree = "<group>"; };
		7DE01B381C88957E00D7C654 /* GeofenceRadiusPickerCell.xib */ = {isa = PBXFileReference; fileEncoding = 4; lastKnownFileType = file.xib; path = GeofenceRadiusPickerCell.xib; sourceTree = "<group>"; };
		7DE01B3F1C88958E00D7C654 /* SegHandlerType.swift */ = {isa = PBXFileReference; fileEncoding = 4; lastKnownFileType = sourcecode.swift; path = SegHandlerType.swift; sourceTree = "<group>"; };
		7DE01B411C8895A300D7C654 /* Localizable.strings */ = {isa = PBXFileReference; fileEncoding = 4; lastKnownFileType = text.plist.strings; path = Localizable.strings; sourceTree = "<group>"; };
		7DE01B431C8895E500D7C654 /* referentiel-gares-voyageurs.geojson.zip */ = {isa = PBXFileReference; lastKnownFileType = archive.zip; path = "referentiel-gares-voyageurs.geojson.zip"; sourceTree = "<group>"; };
		7DE01B441C8895E500D7C654 /* Settings.bundle */ = {isa = PBXFileReference; lastKnownFileType = "wrapper.plug-in"; path = Settings.bundle; sourceTree = "<group>"; };
		7DE01B451C8895E500D7C654 /* UIDevice+machineName.swift */ = {isa = PBXFileReference; fileEncoding = 4; lastKnownFileType = sourcecode.swift; path = "UIDevice+machineName.swift"; sourceTree = "<group>"; };
		7DE01B461C8895E500D7C654 /* Utils.swift */ = {isa = PBXFileReference; fileEncoding = 4; lastKnownFileType = sourcecode.swift; path = Utils.swift; sourceTree = "<group>"; };
		7DE01B471C8895E500D7C654 /* Utils+Org.swift */ = {isa = PBXFileReference; fileEncoding = 4; lastKnownFileType = sourcecode.swift; path = "Utils+Org.swift"; sourceTree = "<group>"; };
		9945D5EFAB8BB98B852A786F /* Pods_IBMPIGeofenceSample.framework */ = {isa = PBXFileReference; explicitFileType = wrapper.framework; includeInIndex = 0; path = Pods_IBMPIGeofenceSample.framework; sourceTree = BUILT_PRODUCTS_DIR; };
		E481FC570A0AF68964134FAF /* Pods-IBMPIGeofenceSample.release.xcconfig */ = {isa = PBXFileReference; includeInIndex = 1; lastKnownFileType = text.xcconfig; name = "Pods-IBMPIGeofenceSample.release.xcconfig"; path = "../Pods/Target Support Files/Pods-IBMPIGeofenceSample/Pods-IBMPIGeofenceSample.release.xcconfig"; sourceTree = "<group>"; };
/* End PBXFileReference section */

/* Begin PBXFrameworksBuildPhase section */
		7DE01ADF1C888D2C00D7C654 /* Frameworks */ = {
			isa = PBXFrameworksBuildPhase;
			buildActionMask = 2147483647;
			files = (
				A6786DFCB27C62804B5BB583 /* Pods_IBMPIGeofenceSample.framework in Frameworks */,
			);
			runOnlyForDeploymentPostprocessing = 0;
		};
/* End PBXFrameworksBuildPhase section */

/* Begin PBXGroup section */
		620B6D1F017E559088536F06 /* Frameworks */ = {
			isa = PBXGroup;
			children = (
				9945D5EFAB8BB98B852A786F /* Pods_IBMPIGeofenceSample.framework */,
			);
			name = Frameworks;
			sourceTree = "<group>";
		};
		7DE01AD91C888D2C00D7C654 = {
			isa = PBXGroup;
			children = (
				7DE01AFF1C888EE700D7C654 /* IBMPIGeofence.xcodeproj */,
				7DE01AE41C888D2C00D7C654 /* IBMPIGeofenceSample */,
				7DE01AE31C888D2C00D7C654 /* Products */,
				F38198A3F35EF2548C16177B /* Pods */,
				620B6D1F017E559088536F06 /* Frameworks */,
			);
			sourceTree = "<group>";
		};
		7DE01AE31C888D2C00D7C654 /* Products */ = {
			isa = PBXGroup;
			children = (
				7DE01AE21C888D2C00D7C654 /* IBMPIGeofenceSample.app */,
			);
			name = Products;
			sourceTree = "<group>";
		};
		7DE01AE41C888D2C00D7C654 /* IBMPIGeofenceSample */ = {
			isa = PBXGroup;
			children = (
				7DE01B061C888FE400D7C654 /* Downloads */,
				7DE01B081C888FEE00D7C654 /* Slack */,
				7DE01B091C888FF700D7C654 /* Settings */,
				7DE01B0A1C88900000D7C654 /* More */,
				7DE01B0B1C88902200D7C654 /* Fences */,
				7DE01B0C1C88903000D7C654 /* Storyboards */,
				7DE01B0D1C88903E00D7C654 /* NewFence */,
				7DE01B0E1C88904800D7C654 /* Utils */,
				7DE01AE51C888D2C00D7C654 /* AppDelegate.swift */,
				7DE01AE71C888D2C00D7C654 /* ViewController.swift */,
				7DE01AEC1C888D2C00D7C654 /* Assets.xcassets */,
				7DE01AEE1C888D2C00D7C654 /* LaunchScreen.storyboard */,
				7DE01AF11C888D2C00D7C654 /* Info.plist */,
				7DE01B431C8895E500D7C654 /* referentiel-gares-voyageurs.geojson.zip */,
				7DE01B441C8895E500D7C654 /* Settings.bundle */,
				7DE01B451C8895E500D7C654 /* UIDevice+machineName.swift */,
				7DE01B461C8895E500D7C654 /* Utils.swift */,
				7DE01B471C8895E500D7C654 /* Utils+Org.swift */,
				7DE01B411C8895A300D7C654 /* Localizable.strings */,
			);
			path = IBMPIGeofenceSample;
			sourceTree = "<group>";
		};
		7DE01B001C888EE700D7C654 /* Products */ = {
			isa = PBXGroup;
			children = (
				7DE01B041C888EE800D7C654 /* IBMPIGeofence.framework */,
			);
			name = Products;
			sourceTree = "<group>";
		};
		7DE01B061C888FE400D7C654 /* Downloads */ = {
			isa = PBXGroup;
			children = (
				7DE01B111C88927100D7C654 /* DownloadsController.swift */,
				7DE01B0F1C88927100D7C654 /* DownloadCell.swift */,
				7DE01B101C88927100D7C654 /* DownloadCell.xib */,
			);
			name = Downloads;
			sourceTree = "<group>";
		};
		7DE01B081C888FEE00D7C654 /* Slack */ = {
			isa = PBXGroup;
			children = (
				7DE01B151C88928200D7C654 /* SlackOperation.swift */,
			);
			name = Slack;
			sourceTree = "<group>";
		};
		7DE01B091C888FF700D7C654 /* Settings */ = {
			isa = PBXGroup;
			children = (
				7DE01B171C88929400D7C654 /* Settings.swift */,
			);
			name = Settings;
			sourceTree = "<group>";
		};
		7DE01B0A1C88900000D7C654 /* More */ = {
			isa = PBXGroup;
			children = (
				7DE01B191C8892C900D7C654 /* CellSwitch.swift */,
				7DE01B1A1C8892C900D7C654 /* CellSwitch.xib */,
				7DE01B1B1C8892C900D7C654 /* MoreController.swift */,
			);
			name = More;
			sourceTree = "<group>";
		};
		7DE01B0B1C88902200D7C654 /* Fences */ = {
			isa = PBXGroup;
			children = (
				7DE01B1F1C88937B00D7C654 /* GeofenceAnnotation.swift */,
				7DE01B211C88938800D7C654 /* MapController.swift */,
			);
			name = Fences;
			sourceTree = "<group>";
		};
		7DE01B0C1C88903000D7C654 /* Storyboards */ = {
			isa = PBXGroup;
			children = (
				7DE01B231C88943000D7C654 /* NewFence.storyboard */,
				7DE01B251C88944300D7C654 /* Main.storyboard */,
				7DE01B271C88945300D7C654 /* Downloads.storyboard */,
				7DE01B291C88948700D7C654 /* Fences.storyboard */,
				7DE01B2B1C8894D800D7C654 /* More.storyboard */,
			);
			name = Storyboards;
			sourceTree = "<group>";
		};
		7DE01B0D1C88903E00D7C654 /* NewFence */ = {
			isa = PBXGroup;
			children = (
				7DE01B2D1C88954300D7C654 /* MapCell.swift */,
				7DE01B2E1C88954300D7C654 /* MapCell.xib */,
				7DE01B311C88955200D7C654 /* NewGeofenceController.swift */,
				7DE01B331C88957E00D7C654 /* GeofenceNameCell.swift */,
				7DE01B341C88957E00D7C654 /* GeofenceNameCell.xib */,
				7DE01B351C88957E00D7C654 /* GeofenceRadiusCell.swift */,
				7DE01B361C88957E00D7C654 /* GeofenceRadiusCell.xib */,
				7DE01B371C88957E00D7C654 /* GeofenceRadiusPickerCell.swift */,
				7DE01B381C88957E00D7C654 /* GeofenceRadiusPickerCell.xib */,
			);
			name = NewFence;
			sourceTree = "<group>";
		};
		7DE01B0E1C88904800D7C654 /* Utils */ = {
			isa = PBXGroup;
			children = (
				7DE01B3F1C88958E00D7C654 /* SegHandlerType.swift */,
			);
			name = Utils;
			sourceTree = "<group>";
		};
		F38198A3F35EF2548C16177B /* Pods */ = {
			isa = PBXGroup;
			children = (
				767D82DEF01D0E8532EB5FF3 /* Pods-IBMPIGeofenceSample.debug.xcconfig */,
				E481FC570A0AF68964134FAF /* Pods-IBMPIGeofenceSample.release.xcconfig */,
			);
			name = Pods;
			sourceTree = "<group>";
		};
/* End PBXGroup section */

/* Begin PBXNativeTarget section */
		7DE01AE11C888D2C00D7C654 /* IBMPIGeofenceSample */ = {
			isa = PBXNativeTarget;
			buildConfigurationList = 7DE01AF41C888D2C00D7C654 /* Build configuration list for PBXNativeTarget "IBMPIGeofenceSample" */;
			buildPhases = (
				873C60389EFC5C0397E45DCE /* Check Pods Manifest.lock */,
				7DE01ADE1C888D2C00D7C654 /* Sources */,
				7DE01ADF1C888D2C00D7C654 /* Frameworks */,
				7DE01AE01C888D2C00D7C654 /* Resources */,
				43FE539298FDF68036C2FCD5 /* Embed Pods Frameworks */,
				DA05E4F9FE91A63BDD03FBD2 /* Copy Pods Resources */,
			);
			buildRules = (
			);
			dependencies = (
			);
			name = IBMPIGeofenceSample;
			productName = IBMPIGeofenceSample;
			productReference = 7DE01AE21C888D2C00D7C654 /* IBMPIGeofenceSample.app */;
			productType = "com.apple.product-type.application";
		};
/* End PBXNativeTarget section */

/* Begin PBXProject section */
		7DE01ADA1C888D2C00D7C654 /* Project object */ = {
			isa = PBXProject;
			attributes = {
				LastSwiftUpdateCheck = 0730;
				LastUpgradeCheck = 0730;
				ORGANIZATIONNAME = IBM;
				TargetAttributes = {
					7DE01AE11C888D2C00D7C654 = {
						CreatedOnToolsVersion = 7.3;
						DevelopmentTeam = 67DBV735VF;
					};
				};
			};
			buildConfigurationList = 7DE01ADD1C888D2C00D7C654 /* Build configuration list for PBXProject "IBMPIGeofenceSample" */;
			compatibilityVersion = "Xcode 3.2";
			developmentRegion = English;
			hasScannedForEncodings = 0;
			knownRegions = (
				en,
				Base,
			);
			mainGroup = 7DE01AD91C888D2C00D7C654;
			productRefGroup = 7DE01AE31C888D2C00D7C654 /* Products */;
			projectDirPath = "";
			projectReferences = (
				{
					ProductGroup = 7DE01B001C888EE700D7C654 /* Products */;
					ProjectRef = 7DE01AFF1C888EE700D7C654 /* IBMPIGeofence.xcodeproj */;
				},
			);
			projectRoot = "";
			targets = (
				7DE01AE11C888D2C00D7C654 /* IBMPIGeofenceSample */,
			);
		};
/* End PBXProject section */

/* Begin PBXReferenceProxy section */
		7DE01B041C888EE800D7C654 /* IBMPIGeofence.framework */ = {
			isa = PBXReferenceProxy;
			fileType = wrapper.framework;
			path = IBMPIGeofence.framework;
			remoteRef = 7DE01B031C888EE800D7C654 /* PBXContainerItemProxy */;
			sourceTree = BUILT_PRODUCTS_DIR;
		};
/* End PBXReferenceProxy section */

/* Begin PBXResourcesBuildPhase section */
		7DE01AE01C888D2C00D7C654 /* Resources */ = {
			isa = PBXResourcesBuildPhase;
			buildActionMask = 2147483647;
			files = (
				7DE01B491C8895E500D7C654 /* Settings.bundle in Resources */,
				7DE01B261C88944300D7C654 /* Main.storyboard in Resources */,
				7DE01B481C8895E500D7C654 /* referentiel-gares-voyageurs.geojson.zip in Resources */,
				7DE01B2C1C8894D800D7C654 /* More.storyboard in Resources */,
				7DE01B3A1C88957E00D7C654 /* GeofenceNameCell.xib in Resources */,
				7DE01B3E1C88957E00D7C654 /* GeofenceRadiusPickerCell.xib in Resources */,
				7DE01AF01C888D2C00D7C654 /* LaunchScreen.storyboard in Resources */,
				7DE01B131C88927100D7C654 /* DownloadCell.xib in Resources */,
				7DE01B3C1C88957E00D7C654 /* GeofenceRadiusCell.xib in Resources */,
				7DE01AED1C888D2C00D7C654 /* Assets.xcassets in Resources */,
				7DE01B301C88954300D7C654 /* MapCell.xib in Resources */,
				7DE01B241C88943000D7C654 /* NewFence.storyboard in Resources */,
				7DE01B421C8895A300D7C654 /* Localizable.strings in Resources */,
				7DE01B1D1C8892C900D7C654 /* CellSwitch.xib in Resources */,
				7DE01B281C88945300D7C654 /* Downloads.storyboard in Resources */,
				7DE01B2A1C88948700D7C654 /* Fences.storyboard in Resources */,
			);
			runOnlyForDeploymentPostprocessing = 0;
		};
/* End PBXResourcesBuildPhase section */

/* Begin PBXShellScriptBuildPhase section */
		43FE539298FDF68036C2FCD5 /* Embed Pods Frameworks */ = {
			isa = PBXShellScriptBuildPhase;
			buildActionMask = 2147483647;
			files = (
			);
			inputPaths = (
			);
			name = "Embed Pods Frameworks";
			outputPaths = (
			);
			runOnlyForDeploymentPostprocessing = 0;
			shellPath = /bin/sh;
			shellScript = "\"${SRCROOT}/../Pods/Target Support Files/Pods-IBMPIGeofenceSample/Pods-IBMPIGeofenceSample-frameworks.sh\"\n";
			showEnvVarsInLog = 0;
		};
		873C60389EFC5C0397E45DCE /* Check Pods Manifest.lock */ = {
			isa = PBXShellScriptBuildPhase;
			buildActionMask = 2147483647;
			files = (
			);
			inputPaths = (
			);
			name = "Check Pods Manifest.lock";
			outputPaths = (
			);
			runOnlyForDeploymentPostprocessing = 0;
			shellPath = /bin/sh;
			shellScript = "diff \"${PODS_ROOT}/../Podfile.lock\" \"${PODS_ROOT}/Manifest.lock\" > /dev/null\nif [[ $? != 0 ]] ; then\n    cat << EOM\nerror: The sandbox is not in sync with the Podfile.lock. Run 'pod install' or update your CocoaPods installation.\nEOM\n    exit 1\nfi\n";
			showEnvVarsInLog = 0;
		};
		DA05E4F9FE91A63BDD03FBD2 /* Copy Pods Resources */ = {
			isa = PBXShellScriptBuildPhase;
			buildActionMask = 2147483647;
			files = (
			);
			inputPaths = (
			);
			name = "Copy Pods Resources";
			outputPaths = (
			);
			runOnlyForDeploymentPostprocessing = 0;
			shellPath = /bin/sh;
			shellScript = "\"${SRCROOT}/../Pods/Target Support Files/Pods-IBMPIGeofenceSample/Pods-IBMPIGeofenceSample-resources.sh\"\n";
			showEnvVarsInLog = 0;
		};
/* End PBXShellScriptBuildPhase section */

/* Begin PBXSourcesBuildPhase section */
		7DE01ADE1C888D2C00D7C654 /* Sources */ = {
			isa = PBXSourcesBuildPhase;
			buildActionMask = 2147483647;
			files = (
				7DE01B321C88955200D7C654 /* NewGeofenceController.swift in Sources */,
				7DE01B181C88929400D7C654 /* Settings.swift in Sources */,
				7DE01AE81C888D2C00D7C654 /* ViewController.swift in Sources */,
				7DE01B3B1C88957E00D7C654 /* GeofenceRadiusCell.swift in Sources */,
				7DE01AE61C888D2C00D7C654 /* AppDelegate.swift in Sources */,
				7DE01B121C88927100D7C654 /* DownloadCell.swift in Sources */,
				7DE01B141C88927100D7C654 /* DownloadsController.swift in Sources */,
				7DE01B1C1C8892C900D7C654 /* CellSwitch.swift in Sources */,
				7DE01B2F1C88954300D7C654 /* MapCell.swift in Sources */,
				7DE01B1E1C8892C900D7C654 /* MoreController.swift in Sources */,
				7DE01B161C88928200D7C654 /* SlackOperation.swift in Sources */,
				7DE01B4B1C8895E500D7C654 /* Utils.swift in Sources */,
				7DE01B4C1C8895E500D7C654 /* Utils+Org.swift in Sources */,
				7DE01B221C88938800D7C654 /* MapController.swift in Sources */,
				7DE01B3D1C88957E00D7C654 /* GeofenceRadiusPickerCell.swift in Sources */,
				7DE01B391C88957E00D7C654 /* GeofenceNameCell.swift in Sources */,
				7DE01B4A1C8895E500D7C654 /* UIDevice+machineName.swift in Sources */,
				7DE01B401C88958E00D7C654 /* SegHandlerType.swift in Sources */,
				7DE01B201C88937B00D7C654 /* GeofenceAnnotation.swift in Sources */,
			);
			runOnlyForDeploymentPostprocessing = 0;
		};
/* End PBXSourcesBuildPhase section */

/* Begin PBXVariantGroup section */
		7DE01AEE1C888D2C00D7C654 /* LaunchScreen.storyboard */ = {
			isa = PBXVariantGroup;
			children = (
				7DE01AEF1C888D2C00D7C654 /* Base */,
			);
			name = LaunchScreen.storyboard;
			sourceTree = "<group>";
		};
/* End PBXVariantGroup section */

/* Begin XCBuildConfiguration section */
		7DE01AF21C888D2C00D7C654 /* Debug */ = {
			isa = XCBuildConfiguration;
			buildSettings = {
				ALWAYS_SEARCH_USER_PATHS = NO;
				CLANG_ANALYZER_NONNULL = YES;
				CLANG_CXX_LANGUAGE_STANDARD = "gnu++0x";
				CLANG_CXX_LIBRARY = "libc++";
				CLANG_ENABLE_MODULES = YES;
				CLANG_ENABLE_OBJC_ARC = YES;
				CLANG_WARN_BOOL_CONVERSION = YES;
				CLANG_WARN_CONSTANT_CONVERSION = YES;
				CLANG_WARN_DIRECT_OBJC_ISA_USAGE = YES_ERROR;
				CLANG_WARN_EMPTY_BODY = YES;
				CLANG_WARN_ENUM_CONVERSION = YES;
				CLANG_WARN_INT_CONVERSION = YES;
				CLANG_WARN_OBJC_ROOT_CLASS = YES_ERROR;
				CLANG_WARN_UNREACHABLE_CODE = YES;
				CLANG_WARN__DUPLICATE_METHOD_MATCH = YES;
				"CODE_SIGN_IDENTITY[sdk=iphoneos*]" = "iPhone Developer";
				COPY_PHASE_STRIP = NO;
				DEBUG_INFORMATION_FORMAT = dwarf;
				ENABLE_STRICT_OBJC_MSGSEND = YES;
				ENABLE_TESTABILITY = YES;
				GCC_C_LANGUAGE_STANDARD = gnu99;
				GCC_DYNAMIC_NO_PIC = NO;
				GCC_NO_COMMON_BLOCKS = YES;
				GCC_OPTIMIZATION_LEVEL = 0;
				GCC_PREPROCESSOR_DEFINITIONS = (
					"DEBUG=1",
					"$(inherited)",
				);
				GCC_WARN_64_TO_32_BIT_CONVERSION = YES;
				GCC_WARN_ABOUT_RETURN_TYPE = YES_ERROR;
				GCC_WARN_UNDECLARED_SELECTOR = YES;
				GCC_WARN_UNINITIALIZED_AUTOS = YES_AGGRESSIVE;
				GCC_WARN_UNUSED_FUNCTION = YES;
				GCC_WARN_UNUSED_VARIABLE = YES;
				IPHONEOS_DEPLOYMENT_TARGET = 9.3;
				MTL_ENABLE_DEBUG_INFO = YES;
				ONLY_ACTIVE_ARCH = YES;
				SDKROOT = iphoneos;
				SWIFT_OPTIMIZATION_LEVEL = "-Onone";
				TARGETED_DEVICE_FAMILY = "1,2";
			};
			name = Debug;
		};
		7DE01AF31C888D2C00D7C654 /* Release */ = {
			isa = XCBuildConfiguration;
			buildSettings = {
				ALWAYS_SEARCH_USER_PATHS = NO;
				CLANG_ANALYZER_NONNULL = YES;
				CLANG_CXX_LANGUAGE_STANDARD = "gnu++0x";
				CLANG_CXX_LIBRARY = "libc++";
				CLANG_ENABLE_MODULES = YES;
				CLANG_ENABLE_OBJC_ARC = YES;
				CLANG_WARN_BOOL_CONVERSION = YES;
				CLANG_WARN_CONSTANT_CONVERSION = YES;
				CLANG_WARN_DIRECT_OBJC_ISA_USAGE = YES_ERROR;
				CLANG_WARN_EMPTY_BODY = YES;
				CLANG_WARN_ENUM_CONVERSION = YES;
				CLANG_WARN_INT_CONVERSION = YES;
				CLANG_WARN_OBJC_ROOT_CLASS = YES_ERROR;
				CLANG_WARN_UNREACHABLE_CODE = YES;
				CLANG_WARN__DUPLICATE_METHOD_MATCH = YES;
				"CODE_SIGN_IDENTITY[sdk=iphoneos*]" = "iPhone Developer";
				COPY_PHASE_STRIP = NO;
				DEBUG_INFORMATION_FORMAT = "dwarf-with-dsym";
				ENABLE_NS_ASSERTIONS = NO;
				ENABLE_STRICT_OBJC_MSGSEND = YES;
				GCC_C_LANGUAGE_STANDARD = gnu99;
				GCC_NO_COMMON_BLOCKS = YES;
				GCC_WARN_64_TO_32_BIT_CONVERSION = YES;
				GCC_WARN_ABOUT_RETURN_TYPE = YES_ERROR;
				GCC_WARN_UNDECLARED_SELECTOR = YES;
				GCC_WARN_UNINITIALIZED_AUTOS = YES_AGGRESSIVE;
				GCC_WARN_UNUSED_FUNCTION = YES;
				GCC_WARN_UNUSED_VARIABLE = YES;
				IPHONEOS_DEPLOYMENT_TARGET = 9.3;
				MTL_ENABLE_DEBUG_INFO = NO;
				SDKROOT = iphoneos;
				TARGETED_DEVICE_FAMILY = "1,2";
				VALIDATE_PRODUCT = YES;
			};
			name = Release;
		};
		7DE01AF51C888D2C00D7C654 /* Debug */ = {
			isa = XCBuildConfiguration;
			baseConfigurationReference = 767D82DEF01D0E8532EB5FF3 /* Pods-IBMPIGeofenceSample.debug.xcconfig */;
			buildSettings = {
				ASSETCATALOG_COMPILER_APPICON_NAME = AppIcon;
				CODE_SIGN_IDENTITY = "iPhone Developer";
				INFOPLIST_FILE = IBMPIGeofenceSample/Info.plist;
				LD_RUNPATH_SEARCH_PATHS = "$(inherited) @executable_path/Frameworks";
				PRODUCT_BUNDLE_IDENTIFIER = com.ibm.pi.IBMPIGeofenceSample;
				PRODUCT_NAME = "$(TARGET_NAME)";
			};
			name = Debug;
		};
		7DE01AF61C888D2C00D7C654 /* Release */ = {
			isa = XCBuildConfiguration;
			baseConfigurationReference = E481FC570A0AF68964134FAF /* Pods-IBMPIGeofenceSample.release.xcconfig */;
			buildSettings = {
				ASSETCATALOG_COMPILER_APPICON_NAME = AppIcon;
				CODE_SIGN_IDENTITY = "iPhone Developer";
				INFOPLIST_FILE = IBMPIGeofenceSample/Info.plist;
				LD_RUNPATH_SEARCH_PATHS = "$(inherited) @executable_path/Frameworks";
				PRODUCT_BUNDLE_IDENTIFIER = com.ibm.pi.IBMPIGeofenceSample;
				PRODUCT_NAME = "$(TARGET_NAME)";
			};
			name = Release;
		};
/* End XCBuildConfiguration section */

/* Begin XCConfigurationList section */
		7DE01ADD1C888D2C00D7C654 /* Build configuration list for PBXProject "IBMPIGeofenceSample" */ = {
			isa = XCConfigurationList;
			buildConfigurations = (
				7DE01AF21C888D2C00D7C654 /* Debug */,
				7DE01AF31C888D2C00D7C654 /* Release */,
			);
			defaultConfigurationIsVisible = 0;
			defaultConfigurationName = Release;
		};
		7DE01AF41C888D2C00D7C654 /* Build configuration list for PBXNativeTarget "IBMPIGeofenceSample" */ = {
			isa = XCConfigurationList;
			buildConfigurations = (
				7DE01AF51C888D2C00D7C654 /* Debug */,
				7DE01AF61C888D2C00D7C654 /* Release */,
			);
			defaultConfigurationIsVisible = 0;
			defaultConfigurationName = Release;
		};
/* End XCConfigurationList section */
	};
	rootObject = 7DE01ADA1C888D2C00D7C654 /* Project object */;
}
